
Microsoft Visual Studio Solution File, Format Version 12.00
# Visual Studio Version 16
VisualStudioVersion = 16.0.28729.10
MinimumVisualStudioVersion = 10.0.40219.1
Project("{FAE04EC0-301F-11D3-BF4B-00C04F79EFBC}") = "Stocker", "Stocker\Stocker.csproj", "{2183CAB5-10FA-418B-9F25-03B80BFAE70D}"
EndProject
Global
	GlobalSection(SolutionConfigurationPlatforms) = preSolution
		Debug|Any CPU = Debug|Any CPU
		Release|Any CPU = Release|Any CPU
	EndGlobalSection
	GlobalSection(ProjectConfigurationPlatforms) = postSolution
		{2183CAB5-10FA-418B-9F25-03B80BFAE70D}.Debug|Any CPU.ActiveCfg = Debug|Any CPU
		{2183CAB5-10FA-418B-9F25-03B80BFAE70D}.Debug|Any CPU.Build.0 = Debug|Any CPU
		{2183CAB5-10FA-418B-9F25-03B80BFAE70D}.Release|Any CPU.ActiveCfg = Release|Any CPU
		{2183CAB5-10FA-418B-9F25-03B80BFAE70D}.Release|Any CPU.Build.0 = Release|Any CPU
	EndGlobalSection
	GlobalSection(SolutionProperties) = preSolution
		HideSolutionNode = FALSE
	EndGlobalSection
	GlobalSection(ExtensibilityGlobals) = postSolution
		SolutionGuid = {03B9D25A-A945-4EDC-B2B6-8739747D02A2}
	EndGlobalSection
EndGlobal
